
Microsoft Visual Studio Solution File, Format Version 12.00
# Visual Studio Version 17
VisualStudioVersion = 17.4.33213.308
MinimumVisualStudioVersion = 10.0.40219.1
Project("{FAE04EC0-301F-11D3-BF4B-00C04F79EFBC}") = "GerenciadorDeVendas", "GerenciadorDeVendas\GerenciadorDeVendas.csproj", "{101D9987-3752-4F14-A6E9-029E4D301B21}"
EndProject
Global
	GlobalSection(SolutionConfigurationPlatforms) = preSolution
		Debug|Any CPU = Debug|Any CPU
		Release|Any CPU = Release|Any CPU
	EndGlobalSection
	GlobalSection(ProjectConfigurationPlatforms) = postSolution
		{101D9987-3752-4F14-A6E9-029E4D301B21}.Debug|Any CPU.ActiveCfg = Debug|Any CPU
		{101D9987-3752-4F14-A6E9-029E4D301B21}.Debug|Any CPU.Build.0 = Debug|Any CPU
		{101D9987-3752-4F14-A6E9-029E4D301B21}.Release|Any CPU.ActiveCfg = Release|Any CPU
		{101D9987-3752-4F14-A6E9-029E4D301B21}.Release|Any CPU.Build.0 = Release|Any CPU
	EndGlobalSection
	GlobalSection(SolutionProperties) = preSolution
		HideSolutionNode = FALSE
	EndGlobalSection
	GlobalSection(ExtensibilityGlobals) = postSolution
		SolutionGuid = {1912CFE5-BF3C-4767-A180-6B057CD72B6D}
	EndGlobalSection
EndGlobal
